// !$*UTF8*$!
{
	archiveVersion = 1;
	classes = {
	};
	objectVersion = 77;
	objects = {

/* Begin PBXBuildFile section */
		3DEF8CA02E92EDA500F89614 /* CachedMovie+CoreDataClass.swift in Sources */ = {isa = PBXBuildFile; fileRef = 3DEF8C9E2E92EDA500F89614 /* CachedMovie+CoreDataClass.swift */; };
		3DEF8CA12E92EDA500F89614 /* CachedMovie+CoreDataProperties.swift in Sources */ = {isa = PBXBuildFile; fileRef = 3DEF8C9F2E92EDA500F89614 /* CachedMovie+CoreDataProperties.swift */; };
		3DEF8CBD2E92F6E800F89614 /* CachedMovie+CoreDataClass.swift in Sources */ = {isa = PBXBuildFile; fileRef = 3DEF8C9E2E92EDA500F89614 /* CachedMovie+CoreDataClass.swift */; };
		3DEF8CBE2E92F6ED00F89614 /* CachedMovie+CoreDataProperties.swift in Sources */ = {isa = PBXBuildFile; fileRef = 3DEF8C9F2E92EDA500F89614 /* CachedMovie+CoreDataProperties.swift */; };
/* End PBXBuildFile section */

/* Begin PBXContainerItemProxy section */
		3DEF8C292E92663F00F89614 /* PBXContainerItemProxy */ = {
			isa = PBXContainerItemProxy;
			containerPortal = 3DEF8C0E2E92663D00F89614 /* Project object */;
			proxyType = 1;
			remoteGlobalIDString = 3DEF8C152E92663D00F89614;
			remoteInfo = MovieExplorer;
		};
		3DEF8C332E92663F00F89614 /* PBXContainerItemProxy */ = {
			isa = PBXContainerItemProxy;
			containerPortal = 3DEF8C0E2E92663D00F89614 /* Project object */;
			proxyType = 1;
			remoteGlobalIDString = 3DEF8C152E92663D00F89614;
			remoteInfo = MovieExplorer;
		};
/* End PBXContainerItemProxy section */

/* Begin PBXFileReference section */
		3DEF8C162E92663D00F89614 /* MovieExplorer.app */ = {isa = PBXFileReference; explicitFileType = wrapper.application; includeInIndex = 0; path = MovieExplorer.app; sourceTree = BUILT_PRODUCTS_DIR; };
		3DEF8C282E92663F00F89614 /* MovieExplorerTests.xctest */ = {isa = PBXFileReference; explicitFileType = wrapper.cfbundle; includeInIndex = 0; path = MovieExplorerTests.xctest; sourceTree = BUILT_PRODUCTS_DIR; };
		3DEF8C322E92663F00F89614 /* MovieExplorerUITests.xctest */ = {isa = PBXFileReference; explicitFileType = wrapper.cfbundle; includeInIndex = 0; path = MovieExplorerUITests.xctest; sourceTree = BUILT_PRODUCTS_DIR; };
		3DEF8C9E2E92EDA500F89614 /* CachedMovie+CoreDataClass.swift */ = {isa = PBXFileReference; lastKnownFileType = sourcecode.swift; name = "CachedMovie+CoreDataClass.swift"; path = "MovieExplorer/CoreData/CachedMovie+CoreDataClass.swift"; sourceTree = "<group>"; };
		3DEF8C9F2E92EDA500F89614 /* CachedMovie+CoreDataProperties.swift */ = {isa = PBXFileReference; lastKnownFileType = sourcecode.swift; name = "CachedMovie+CoreDataProperties.swift"; path = "MovieExplorer/CoreData/CachedMovie+CoreDataProperties.swift"; sourceTree = "<group>"; };
/* End PBXFileReference section */

/* Begin PBXFileSystemSynchronizedBuildFileExceptionSet section */
		3DEF8CB82E92F3D400F89614 /* Exceptions for "MovieExplorer" folder in "MovieExplorerTests" target */ = {
			isa = PBXFileSystemSynchronizedBuildFileExceptionSet;
			membershipExceptions = (
				App/ContentView.swift,
				App/MovieExplorerApp.swift,
				"CoreData/CachedMovie+CoreDataClass.swift",
				"CoreData/CachedMovie+CoreDataProperties.swift",
				"CoreData/CachedMovie+Extensions.swift",
				CoreData/Persistence.swift,
				"Extensions/Date+Extensions.swift",
				"Extensions/View+Extensions.swift",
				Models/Movie.swift,
				Models/MovieResponse.swift,
				MovieExplorer.xcdatamodeld,
				MovieRepo/MoviewRepository.swift,
				Network/APIClient.swift,
				Network/APIEndpoint.swift,
				Network/NetworkError.swift,
				Utilities/ImageCache.swift,
				Utilities/NetworkMonitor.swift,
				ViewModels/MoviesDetailViewModel.swift,
				ViewModels/MoviesViewModel.swift,
				Views/Components/ErrorView.swift,
				Views/Components/LoadingView.swift,
				Views/MovieDetailView.swift,
				Views/MovieListView.swift,
				Views/MovieRowView.swift,
			);
			target = 3DEF8C272E92663F00F89614 /* MovieExplorerTests */;
		};
/* End PBXFileSystemSynchronizedBuildFileExceptionSet section */

/* Begin PBXFileSystemSynchronizedRootGroup section */
		3DEF8C182E92663D00F89614 /* MovieExplorer */ = {
			isa = PBXFileSystemSynchronizedRootGroup;
			exceptions = (
				3DEF8CB82E92F3D400F89614 /* Exceptions for "MovieExplorer" folder in "MovieExplorerTests" target */,
			);
			path = MovieExplorer;
			sourceTree = "<group>";
		};
		3DEF8C2B2E92663F00F89614 /* MovieExplorerTests */ = {
			isa = PBXFileSystemSynchronizedRootGroup;
			path = MovieExplorerTests;
			sourceTree = "<group>";
		};
		3DEF8C352E92663F00F89614 /* MovieExplorerUITests */ = {
			isa = PBXFileSystemSynchronizedRootGroup;
			path = MovieExplorerUITests;
			sourceTree = "<group>";
		};
/* End PBXFileSystemSynchronizedRootGroup section */

/* Begin PBXFrameworksBuildPhase section */
		3DEF8C132E92663D00F89614 /* Frameworks */ = {
			isa = PBXFrameworksBuildPhase;
			buildActionMask = 2147483647;
			files = (
			);
			runOnlyForDeploymentPostprocessing = 0;
		};
		3DEF8C252E92663F00F89614 /* Frameworks */ = {
			isa = PBXFrameworksBuildPhase;
			buildActionMask = 2147483647;
			files = (
			);
			runOnlyForDeploymentPostprocessing = 0;
		};
		3DEF8C2F2E92663F00F89614 /* Frameworks */ = {
			isa = PBXFrameworksBuildPhase;
			buildActionMask = 2147483647;
			files = (
			);
			runOnlyForDeploymentPostprocessing = 0;
		};
/* End PBXFrameworksBuildPhase section */

/* Begin PBXGroup section */
		3DEF8C0D2E92663D00F89614 = {
			isa = PBXGroup;
			children = (
				3DEF8C9E2E92EDA500F89614 /* CachedMovie+CoreDataClass.swift */,
				3DEF8C9F2E92EDA500F89614 /* CachedMovie+CoreDataProperties.swift */,
				3DEF8C182E92663D00F89614 /* MovieExplorer */,
				3DEF8C2B2E92663F00F89614 /* MovieExplorerTests */,
				3DEF8C352E92663F00F89614 /* MovieExplorerUITests */,
				3DEF8C172E92663D00F89614 /* Products */,
			);
			sourceTree = "<group>";
		};
		3DEF8C172E92663D00F89614 /* Products */ = {
			isa = PBXGroup;
			children = (
				3DEF8C162E92663D00F89614 /* MovieExplorer.app */,
				3DEF8C282E92663F00F89614 /* MovieExplorerTests.xctest */,
				3DEF8C322E92663F00F89614 /* MovieExplorerUITests.xctest */,
			);
			name = Products;
			sourceTree = "<group>";
		};
/* End PBXGroup section */

/* Begin PBXNativeTarget section */
		3DEF8C152E92663D00F89614 /* MovieExplorer */ = {
			isa = PBXNativeTarget;
			buildConfigurationList = 3DEF8C3C2E92663F00F89614 /* Build configuration list for PBXNativeTarget "MovieExplorer" */;
			buildPhases = (
				3DEF8C122E92663D00F89614 /* Sources */,
				3DEF8C132E92663D00F89614 /* Frameworks */,
				3DEF8C142E92663D00F89614 /* Resources */,
			);
			buildRules = (
			);
			dependencies = (
			);
			fileSystemSynchronizedGroups = (
				3DEF8C182E92663D00F89614 /* MovieExplorer */,
			);
			name = MovieExplorer;
			packageProductDependencies = (
			);
			productName = MovieExplorer;
			productReference = 3DEF8C162E92663D00F89614 /* MovieExplorer.app */;
			productType = "com.apple.product-type.application";
		};
		3DEF8C272E92663F00F89614 /* MovieExplorerTests */ = {
			isa = PBXNativeTarget;
			buildConfigurationList = 3DEF8C3F2E92663F00F89614 /* Build configuration list for PBXNativeTarget "MovieExplorerTests" */;
			buildPhases = (
				3DEF8C242E92663F00F89614 /* Sources */,
				3DEF8C252E92663F00F89614 /* Frameworks */,
				3DEF8C262E92663F00F89614 /* Resources */,
			);
			buildRules = (
			);
			dependencies = (
				3DEF8C2A2E92663F00F89614 /* PBXTargetDependency */,
			);
			fileSystemSynchronizedGroups = (
				3DEF8C2B2E92663F00F89614 /* MovieExplorerTests */,
			);
			name = MovieExplorerTests;
			packageProductDependencies = (
			);
			productName = MovieExplorerTests;
			productReference = 3DEF8C282E92663F00F89614 /* MovieExplorerTests.xctest */;
			productType = "com.apple.product-type.bundle.unit-test";
		};
		3DEF8C312E92663F00F89614 /* MovieExplorerUITests */ = {
			isa = PBXNativeTarget;
			buildConfigurationList = 3DEF8C422E92663F00F89614 /* Build configuration list for PBXNativeTarget "MovieExplorerUITests" */;
			buildPhases = (
				3DEF8C2E2E92663F00F89614 /* Sources */,
				3DEF8C2F2E92663F00F89614 /* Frameworks */,
				3DEF8C302E92663F00F89614 /* Resources */,
			);
			buildRules = (
			);
			dependencies = (
				3DEF8C342E92663F00F89614 /* PBXTargetDependency */,
			);
			fileSystemSynchronizedGroups = (
				3DEF8C352E92663F00F89614 /* MovieExplorerUITests */,
			);
			name = MovieExplorerUITests;
			packageProductDependencies = (
			);
			productName = MovieExplorerUITests;
			productReference = 3DEF8C322E92663F00F89614 /* MovieExplorerUITests.xctest */;
			productType = "com.apple.product-type.bundle.ui-testing";
		};
/* End PBXNativeTarget section */

/* Begin PBXProject section */
		3DEF8C0E2E92663D00F89614 /* Project object */ = {
			isa = PBXProject;
			attributes = {
				BuildIndependentTargetsInParallel = 1;
				LastSwiftUpdateCheck = 2600;
				LastUpgradeCheck = 2600;
				TargetAttributes = {
					3DEF8C152E92663D00F89614 = {
						CreatedOnToolsVersion = 26.0.1;
					};
					3DEF8C272E92663F00F89614 = {
						CreatedOnToolsVersion = 26.0.1;
						TestTargetID = 3DEF8C152E92663D00F89614;
					};
					3DEF8C312E92663F00F89614 = {
						CreatedOnToolsVersion = 26.0.1;
						TestTargetID = 3DEF8C152E92663D00F89614;
					};
				};
			};
			buildConfigurationList = 3DEF8C112E92663D00F89614 /* Build configuration list for PBXProject "MovieExplorer" */;
			developmentRegion = en;
			hasScannedForEncodings = 0;
			knownRegions = (
				en,
				Base,
			);
			mainGroup = 3DEF8C0D2E92663D00F89614;
			minimizedProjectReferenceProxies = 1;
			preferredProjectObjectVersion = 77;
			productRefGroup = 3DEF8C172E92663D00F89614 /* Products */;
			projectDirPath = "";
			projectRoot = "";
			targets = (
				3DEF8C152E92663D00F89614 /* MovieExplorer */,
				3DEF8C272E92663F00F89614 /* MovieExplorerTests */,
				3DEF8C312E92663F00F89614 /* MovieExplorerUITests */,
			);
		};
/* End PBXProject section */

/* Begin PBXResourcesBuildPhase section */
		3DEF8C142E92663D00F89614 /* Resources */ = {
			isa = PBXResourcesBuildPhase;
			buildActionMask = 2147483647;
			files = (
			);
			runOnlyForDeploymentPostprocessing = 0;
		};
		3DEF8C262E92663F00F89614 /* Resources */ = {
			isa = PBXResourcesBuildPhase;
			buildActionMask = 2147483647;
			files = (
			);
			runOnlyForDeploymentPostprocessing = 0;
		};
		3DEF8C302E92663F00F89614 /* Resources */ = {
			isa = PBXResourcesBuildPhase;
			buildActionMask = 2147483647;
			files = (
			);
			runOnlyForDeploymentPostprocessing = 0;
		};
/* End PBXResourcesBuildPhase section */

/* Begin PBXSourcesBuildPhase section */
		3DEF8C122E92663D00F89614 /* Sources */ = {
			isa = PBXSourcesBuildPhase;
			buildActionMask = 2147483647;
			files = (
				3DEF8CA02E92EDA500F89614 /* CachedMovie+CoreDataClass.swift in Sources */,
				3DEF8CA12E92EDA500F89614 /* CachedMovie+CoreDataProperties.swift in Sources */,
			);
			runOnlyForDeploymentPostprocessing = 0;
		};
		3DEF8C242E92663F00F89614 /* Sources */ = {
			isa = PBXSourcesBuildPhase;
			buildActionMask = 2147483647;
			files = (
				3DEF8CBE2E92F6ED00F89614 /* CachedMovie+CoreDataProperties.swift in Sources */,
				3DEF8CBD2E92F6E800F89614 /* CachedMovie+CoreDataClass.swift in Sources */,
			);
			runOnlyForDeploymentPostprocessing = 0;
		};
		3DEF8C2E2E92663F00F89614 /* Sources */ = {
			isa = PBXSourcesBuildPhase;
			buildActionMask = 2147483647;
			files = (
			);
			runOnlyForDeploymentPostprocessing = 0;
		};
/* End PBXSourcesBuildPhase section */

/* Begin PBXTargetDependency section */
		3DEF8C2A2E92663F00F89614 /* PBXTargetDependency */ = {
			isa = PBXTargetDependency;
			target = 3DEF8C152E92663D00F89614 /* MovieExplorer */;
			targetProxy = 3DEF8C292E92663F00F89614 /* PBXContainerItemProxy */;
		};
		3DEF8C342E92663F00F89614 /* PBXTargetDependency */ = {
			isa = PBXTargetDependency;
			target = 3DEF8C152E92663D00F89614 /* MovieExplorer */;
			targetProxy = 3DEF8C332E92663F00F89614 /* PBXContainerItemProxy */;
		};
/* End PBXTargetDependency section */

/* Begin XCBuildConfiguration section */
		3DEF8C3A2E92663F00F89614 /* Debug */ = {
			isa = XCBuildConfiguration;
			buildSettings = {
				ALWAYS_SEARCH_USER_PATHS = NO;
				ASSETCATALOG_COMPILER_GENERATE_SWIFT_ASSET_SYMBOL_EXTENSIONS = YES;
				CLANG_ANALYZER_NONNULL = YES;
				CLANG_ANALYZER_NUMBER_OBJECT_CONVERSION = YES_AGGRESSIVE;
				CLANG_CXX_LANGUAGE_STANDARD = "gnu++20";
				CLANG_ENABLE_MODULES = YES;
				CLANG_ENABLE_OBJC_ARC = YES;
				CLANG_ENABLE_OBJC_WEAK = YES;
				CLANG_WARN_BLOCK_CAPTURE_AUTORELEASING = YES;
				CLANG_WARN_BOOL_CONVERSION = YES;
				CLANG_WARN_COMMA = YES;
				CLANG_WARN_CONSTANT_CONVERSION = YES;
				CLANG_WARN_DEPRECATED_OBJC_IMPLEMENTATIONS = YES;
				CLANG_WARN_DIRECT_OBJC_ISA_USAGE = YES_ERROR;
				CLANG_WARN_DOCUMENTATION_COMMENTS = YES;
				CLANG_WARN_EMPTY_BODY = YES;
				CLANG_WARN_ENUM_CONVERSION = YES;
				CLANG_WARN_INFINITE_RECURSION = YES;
				CLANG_WARN_INT_CONVERSION = YES;
				CLANG_WARN_NON_LITERAL_NULL_CONVERSION = YES;
				CLANG_WARN_OBJC_IMPLICIT_RETAIN_SELF = YES;
				CLANG_WARN_OBJC_LITERAL_CONVERSION = YES;
				CLANG_WARN_OBJC_ROOT_CLASS = YES_ERROR;
				CLANG_WARN_QUOTED_INCLUDE_IN_FRAMEWORK_HEADER = YES;
				CLANG_WARN_RANGE_LOOP_ANALYSIS = YES;
				CLANG_WARN_STRICT_PROTOTYPES = YES;
				CLANG_WARN_SUSPICIOUS_MOVE = YES;
				CLANG_WARN_UNGUARDED_AVAILABILITY = YES_AGGRESSIVE;
				CLANG_WARN_UNREACHABLE_CODE = YES;
				CLANG_WARN__DUPLICATE_METHOD_MATCH = YES;
				COPY_PHASE_STRIP = NO;
				DEBUG_INFORMATION_FORMAT = dwarf;
				DEVELOPMENT_TEAM = ZK6H4Z56RL;
				ENABLE_STRICT_OBJC_MSGSEND = YES;
				ENABLE_TESTABILITY = YES;
				ENABLE_USER_SCRIPT_SANDBOXING = YES;
				GCC_C_LANGUAGE_STANDARD = gnu17;
				GCC_DYNAMIC_NO_PIC = NO;
				GCC_NO_COMMON_BLOCKS = YES;
				GCC_OPTIMIZATION_LEVEL = 0;
				GCC_PREPROCESSOR_DEFINITIONS = (
					"DEBUG=1",
					"$(inherited)",
				);
				GCC_WARN_64_TO_32_BIT_CONVERSION = YES;
				GCC_WARN_ABOUT_RETURN_TYPE = YES_ERROR;
				GCC_WARN_UNDECLARED_SELECTOR = YES;
				GCC_WARN_UNINITIALIZED_AUTOS = YES_AGGRESSIVE;
				GCC_WARN_UNUSED_FUNCTION = YES;
				GCC_WARN_UNUSED_VARIABLE = YES;
				IPHONEOS_DEPLOYMENT_TARGET = 26.0;
				LOCALIZATION_PREFERS_STRING_CATALOGS = YES;
				MTL_ENABLE_DEBUG_INFO = INCLUDE_SOURCE;
				MTL_FAST_MATH = YES;
				ONLY_ACTIVE_ARCH = YES;
				SDKROOT = iphoneos;
				SWIFT_ACTIVE_COMPILATION_CONDITIONS = "DEBUG $(inherited)";
				SWIFT_OPTIMIZATION_LEVEL = "-Onone";
			};
			name = Debug;
		};
		3DEF8C3B2E92663F00F89614 /* Release */ = {
			isa = XCBuildConfiguration;
			buildSettings = {
				ALWAYS_SEARCH_USER_PATHS = NO;
				ASSETCATALOG_COMPILER_GENERATE_SWIFT_ASSET_SYMBOL_EXTENSIONS = YES;
				CLANG_ANALYZER_NONNULL = YES;
				CLANG_ANALYZER_NUMBER_OBJECT_CONVERSION = YES_AGGRESSIVE;
				CLANG_CXX_LANGUAGE_STANDARD = "gnu++20";
				CLANG_ENABLE_MODULES = YES;
				CLANG_ENABLE_OBJC_ARC = YES;
				CLANG_ENABLE_OBJC_WEAK = YES;
				CLANG_WARN_BLOCK_CAPTURE_AUTORELEASING = YES;
				CLANG_WARN_BOOL_CONVERSION = YES;
				CLANG_WARN_COMMA = YES;
				CLANG_WARN_CONSTANT_CONVERSION = YES;
				CLANG_WARN_DEPRECATED_OBJC_IMPLEMENTATIONS = YES;
				CLANG_WARN_DIRECT_OBJC_ISA_USAGE = YES_ERROR;
				CLANG_WARN_DOCUMENTATION_COMMENTS = YES;
				CLANG_WARN_EMPTY_BODY = YES;
				CLANG_WARN_ENUM_CONVERSION = YES;
				CLANG_WARN_INFINITE_RECURSION = YES;
				CLANG_WARN_INT_CONVERSION = YES;
				CLANG_WARN_NON_LITERAL_NULL_CONVERSION = YES;
				CLANG_WARN_OBJC_IMPLICIT_RETAIN_SELF = YES;
				CLANG_WARN_OBJC_LITERAL_CONVERSION = YES;
				CLANG_WARN_OBJC_ROOT_CLASS = YES_ERROR;
				CLANG_WARN_QUOTED_INCLUDE_IN_FRAMEWORK_HEADER = YES;
				CLANG_WARN_RANGE_LOOP_ANALYSIS = YES;
				CLANG_WARN_STRICT_PROTOTYPES = YES;
				CLANG_WARN_SUSPICIOUS_MOVE = YES;
				CLANG_WARN_UNGUARDED_AVAILABILITY = YES_AGGRESSIVE;
				CLANG_WARN_UNREACHABLE_CODE = YES;
				CLANG_WARN__DUPLICATE_METHOD_MATCH = YES;
				COPY_PHASE_STRIP = NO;
				DEBUG_INFORMATION_FORMAT = "dwarf-with-dsym";
				DEVELOPMENT_TEAM = ZK6H4Z56RL;
				ENABLE_NS_ASSERTIONS = NO;
				ENABLE_STRICT_OBJC_MSGSEND = YES;
				ENABLE_USER_SCRIPT_SANDBOXING = YES;
				GCC_C_LANGUAGE_STANDARD = gnu17;
				GCC_NO_COMMON_BLOCKS = YES;
				GCC_WARN_64_TO_32_BIT_CONVERSION = YES;
				GCC_WARN_ABOUT_RETURN_TYPE = YES_ERROR;
				GCC_WARN_UNDECLARED_SELECTOR = YES;
				GCC_WARN_UNINITIALIZED_AUTOS = YES_AGGRESSIVE;
				GCC_WARN_UNUSED_FUNCTION = YES;
				GCC_WARN_UNUSED_VARIABLE = YES;
				IPHONEOS_DEPLOYMENT_TARGET = 26.0;
				LOCALIZATION_PREFERS_STRING_CATALOGS = YES;
				MTL_ENABLE_DEBUG_INFO = NO;
				MTL_FAST_MATH = YES;
				SDKROOT = iphoneos;
				SWIFT_COMPILATION_MODE = wholemodule;
				VALIDATE_PRODUCT = YES;
			};
			name = Release;
		};
		3DEF8C3D2E92663F00F89614 /* Debug */ = {
			isa = XCBuildConfiguration;
			buildSettings = {
				ASSETCATALOG_COMPILER_APPICON_NAME = AppIcon;
				ASSETCATALOG_COMPILER_GLOBAL_ACCENT_COLOR_NAME = AccentColor;
				CODE_SIGN_STYLE = Automatic;
				CURRENT_PROJECT_VERSION = 1;
				DEVELOPMENT_TEAM = ZK6H4Z56RL;
				ENABLE_PREVIEWS = YES;
				GENERATE_INFOPLIST_FILE = YES;
				INFOPLIST_KEY_UIApplicationSceneManifest_Generation = YES;
				INFOPLIST_KEY_UIApplicationSupportsIndirectInputEvents = YES;
				INFOPLIST_KEY_UILaunchScreen_Generation = YES;
				INFOPLIST_KEY_UISupportedInterfaceOrientations_iPad = "UIInterfaceOrientationPortrait UIInterfaceOrientationPortraitUpsideDown UIInterfaceOrientationLandscapeLeft UIInterfaceOrientationLandscapeRight";
				INFOPLIST_KEY_UISupportedInterfaceOrientations_iPhone = "UIInterfaceOrientationPortrait UIInterfaceOrientationLandscapeLeft UIInterfaceOrientationLandscapeRight";
				LD_RUNPATH_SEARCH_PATHS = (
					"$(inherited)",
					"@executable_path/Frameworks",
				);
				MARKETING_VERSION = 1.0;
				PRODUCT_BUNDLE_IDENTIFIER = com.sanlikhe.MovieExplorer;
				PRODUCT_NAME = "$(TARGET_NAME)";
				STRING_CATALOG_GENERATE_SYMBOLS = YES;
				SWIFT_APPROACHABLE_CONCURRENCY = YES;
				SWIFT_DEFAULT_ACTOR_ISOLATION = MainActor;
				SWIFT_EMIT_LOC_STRINGS = YES;
				SWIFT_UPCOMING_FEATURE_MEMBER_IMPORT_VISIBILITY = YES;
				SWIFT_VERSION = 5.0;
				TARGETED_DEVICE_FAMILY = "1,2";
			};
			name = Debug;
		};
		3DEF8C3E2E92663F00F89614 /* Release */ = {
			isa = XCBuildConfiguration;
			buildSettings = {
				ASSETCATALOG_COMPILER_APPICON_NAME = AppIcon;
				ASSETCATALOG_COMPILER_GLOBAL_ACCENT_COLOR_NAME = AccentColor;
				CODE_SIGN_STYLE = Automatic;
				CURRENT_PROJECT_VERSION = 1;
				DEVELOPMENT_TEAM = ZK6H4Z56RL;
				ENABLE_PREVIEWS = YES;
				GENERATE_INFOPLIST_FILE = YES;
				INFOPLIST_KEY_UIApplicationSceneManifest_Generation = YES;
				INFOPLIST_KEY_UIApplicationSupportsIndirectInputEvents = YES;
				INFOPLIST_KEY_UILaunchScreen_Generation = YES;
				INFOPLIST_KEY_UISupportedInterfaceOrientations_iPad = "UIInterfaceOrientationPortrait UIInterfaceOrientationPortraitUpsideDown UIInterfaceOrientationLandscapeLeft UIInterfaceOrientationLandscapeRight";
				INFOPLIST_KEY_UISupportedInterfaceOrientations_iPhone = "UIInterfaceOrientationPortrait UIInterfaceOrientationLandscapeLeft UIInterfaceOrientationLandscapeRight";
				LD_RUNPATH_SEARCH_PATHS = (
					"$(inherited)",
					"@executable_path/Frameworks",
				);
				MARKETING_VERSION = 1.0;
				PRODUCT_BUNDLE_IDENTIFIER = com.sanlikhe.MovieExplorer;
				PRODUCT_NAME = "$(TARGET_NAME)";
				STRING_CATALOG_GENERATE_SYMBOLS = YES;
				SWIFT_APPROACHABLE_CONCURRENCY = YES;
				SWIFT_DEFAULT_ACTOR_ISOLATION = MainActor;
				SWIFT_EMIT_LOC_STRINGS = YES;
				SWIFT_UPCOMING_FEATURE_MEMBER_IMPORT_VISIBILITY = YES;
				SWIFT_VERSION = 5.0;
				TARGETED_DEVICE_FAMILY = "1,2";
			};
			name = Release;
		};
		3DEF8C402E92663F00F89614 /* Debug */ = {
			isa = XCBuildConfiguration;
			buildSettings = {
				BUNDLE_LOADER = "$(TEST_HOST)";
				CODE_SIGN_STYLE = Automatic;
				CURRENT_PROJECT_VERSION = 1;
				DEVELOPMENT_TEAM = ZK6H4Z56RL;
				GENERATE_INFOPLIST_FILE = YES;
				IPHONEOS_DEPLOYMENT_TARGET = 26.0;
				MARKETING_VERSION = 1.0;
				PRODUCT_BUNDLE_IDENTIFIER = com.sanlikhe.MovieExplorerTests;
				PRODUCT_NAME = "$(TARGET_NAME)";
				STRING_CATALOG_GENERATE_SYMBOLS = NO;
				SWIFT_APPROACHABLE_CONCURRENCY = YES;
				SWIFT_EMIT_LOC_STRINGS = NO;
				SWIFT_UPCOMING_FEATURE_MEMBER_IMPORT_VISIBILITY = YES;
				SWIFT_VERSION = 5.0;
				TARGETED_DEVICE_FAMILY = "1,2";
				TEST_HOST = "$(BUILT_PRODUCTS_DIR)/MovieExplorer.app/$(BUNDLE_EXECUTABLE_FOLDER_PATH)/MovieExplorer";
			};
			name = Debug;
		};
		3DEF8C412E92663F00F89614 /* Release */ = {
			isa = XCBuildConfiguration;
			buildSettings = {
				BUNDLE_LOADER = "$(TEST_HOST)";
				CODE_SIGN_STYLE = Automatic;
				CURRENT_PROJECT_VERSION = 1;
				DEVELOPMENT_TEAM = ZK6H4Z56RL;
				GENERATE_INFOPLIST_FILE = YES;
				IPHONEOS_DEPLOYMENT_TARGET = 26.0;
				MARKETING_VERSION = 1.0;
				PRODUCT_BUNDLE_IDENTIFIER = com.sanlikhe.MovieExplorerTests;
				PRODUCT_NAME = "$(TARGET_NAME)";
				STRING_CATALOG_GENERATE_SYMBOLS = NO;
				SWIFT_APPROACHABLE_CONCURRENCY = YES;
				SWIFT_EMIT_LOC_STRINGS = NO;
				SWIFT_UPCOMING_FEATURE_MEMBER_IMPORT_VISIBILITY = YES;
				SWIFT_VERSION = 5.0;
				TARGETED_DEVICE_FAMILY = "1,2";
				TEST_HOST = "$(BUILT_PRODUCTS_DIR)/MovieExplorer.app/$(BUNDLE_EXECUTABLE_FOLDER_PATH)/MovieExplorer";
			};
			name = Release;
		};
		3DEF8C432E92663F00F89614 /* Debug */ = {
			isa = XCBuildConfiguration;
			buildSettings = {
				CODE_SIGN_STYLE = Automatic;
				CURRENT_PROJECT_VERSION = 1;
				DEVELOPMENT_TEAM = ZK6H4Z56RL;
				GENERATE_INFOPLIST_FILE = YES;
				MARKETING_VERSION = 1.0;
				PRODUCT_BUNDLE_IDENTIFIER = com.sanlikhe.MovieExplorerUITests;
				PRODUCT_NAME = "$(TARGET_NAME)";
				STRING_CATALOG_GENERATE_SYMBOLS = NO;
				SWIFT_APPROACHABLE_CONCURRENCY = YES;
				SWIFT_EMIT_LOC_STRINGS = NO;
				SWIFT_UPCOMING_FEATURE_MEMBER_IMPORT_VISIBILITY = YES;
				SWIFT_VERSION = 5.0;
				TARGETED_DEVICE_FAMILY = "1,2";
				TEST_TARGET_NAME = MovieExplorer;
			};
			name = Debug;
		};
		3DEF8C442E92663F00F89614 /* Release */ = {
			isa = XCBuildConfiguration;
			buildSettings = {
				CODE_SIGN_STYLE = Automatic;
				CURRENT_PROJECT_VERSION = 1;
				DEVELOPMENT_TEAM = ZK6H4Z56RL;
				GENERATE_INFOPLIST_FILE = YES;
				MARKETING_VERSION = 1.0;
				PRODUCT_BUNDLE_IDENTIFIER = com.sanlikhe.MovieExplorerUITests;
				PRODUCT_NAME = "$(TARGET_NAME)";
				STRING_CATALOG_GENERATE_SYMBOLS = NO;
				SWIFT_APPROACHABLE_CONCURRENCY = YES;
				SWIFT_EMIT_LOC_STRINGS = NO;
				SWIFT_UPCOMING_FEATURE_MEMBER_IMPORT_VISIBILITY = YES;
				SWIFT_VERSION = 5.0;
				TARGETED_DEVICE_FAMILY = "1,2";
				TEST_TARGET_NAME = MovieExplorer;
			};
			name = Release;
		};
/* End XCBuildConfiguration section */

/* Begin XCConfigurationList section */
		3DEF8C112E92663D00F89614 /* Build configuration list for PBXProject "MovieExplorer" */ = {
			isa = XCConfigurationList;
			buildConfigurations = (
				3DEF8C3A2E92663F00F89614 /* Debug */,
				3DEF8C3B2E92663F00F89614 /* Release */,
			);
			defaultConfigurationIsVisible = 0;
			defaultConfigurationName = Release;
		};
		3DEF8C3C2E92663F00F89614 /* Build configuration list for PBXNativeTarget "MovieExplorer" */ = {
			isa = XCConfigurationList;
			buildConfigurations = (
				3DEF8C3D2E92663F00F89614 /* Debug */,
				3DEF8C3E2E92663F00F89614 /* Release */,
			);
			defaultConfigurationIsVisible = 0;
			defaultConfigurationName = Release;
		};
		3DEF8C3F2E92663F00F89614 /* Build configuration list for PBXNativeTarget "MovieExplorerTests" */ = {
			isa = XCConfigurationList;
			buildConfigurations = (
				3DEF8C402E92663F00F89614 /* Debug */,
				3DEF8C412E92663F00F89614 /* Release */,
			);
			defaultConfigurationIsVisible = 0;
			defaultConfigurationName = Release;
		};
		3DEF8C422E92663F00F89614 /* Build configuration list for PBXNativeTarget "MovieExplorerUITests" */ = {
			isa = XCConfigurationList;
			buildConfigurations = (
				3DEF8C432E92663F00F89614 /* Debug */,
				3DEF8C442E92663F00F89614 /* Release */,
			);
			defaultConfigurationIsVisible = 0;
			defaultConfigurationName = Release;
		};
/* End XCConfigurationList section */
	};
	rootObject = 3DEF8C0E2E92663D00F89614 /* Project object */;
}
